
Microsoft Visual Studio Solution File, Format Version 12.00
Project("{FAE04EC0-301F-11D3-BF4B-00C04F79EFBC}") = "Payment.Web", "services\payment\src\Payment.Web\Payment.Web.csproj", "{78AEC160-230F-4E70-A4F1-7F2A354D57C1}"
EndProject
Global
	GlobalSection(SolutionConfigurationPlatforms) = preSolution
		Debug|Any CPU = Debug|Any CPU
		Release|Any CPU = Release|Any CPU
	EndGlobalSection
	GlobalSection(NestedProjects) = preSolution
	EndGlobalSection
	GlobalSection(ProjectConfigurationPlatforms) = postSolution
		{78AEC160-230F-4E70-A4F1-7F2A354D57C1}.Debug|Any CPU.ActiveCfg = Debug|Any CPU
		{78AEC160-230F-4E70-A4F1-7F2A354D57C1}.Debug|Any CPU.Build.0 = Debug|Any CPU
		{78AEC160-230F-4E70-A4F1-7F2A354D57C1}.Release|Any CPU.ActiveCfg = Release|Any CPU
		{78AEC160-230F-4E70-A4F1-7F2A354D57C1}.Release|Any CPU.Build.0 = Release|Any CPU
	EndGlobalSection
EndGlobal
