
Microsoft Visual Studio Solution File, Format Version 12.00
Project("{2150E333-8FDC-42A3-9474-1A3956D46DE8}") = "Payment", "Payment", "{1ABA45AD-BABD-406E-9D5B-E021A094FB63}"
EndProject
Project("{FAE04EC0-301F-11D3-BF4B-00C04F79EFBC}") = "Payment.WebApi", "services\payment\src\Payment.WebApi\Payment.WebApi.csproj", "{696734C7-8B4E-4884-AC1F-9AAD8965B08D}"
EndProject
Project("{2150E333-8FDC-42A3-9474-1A3956D46DE8}") = "infrastructure", "infrastructure", "{DC336BBA-7570-4B49-80CD-3EDF55B7AD6C}"
EndProject
Project("{2150E333-8FDC-42A3-9474-1A3956D46DE8}") = "rules", "rules", "{DD46270E-14E7-49D0-9D6B-F49105418633}"
EndProject
Project("{2150E333-8FDC-42A3-9474-1A3956D46DE8}") = "tests", "tests", "{C6350982-617C-42EF-861A-C2FDF2A0C52D}"
EndProject
Project("{2150E333-8FDC-42A3-9474-1A3956D46DE8}") = "application", "application", "{5B4EF734-CFF2-4383-BB3B-E9D885597548}"
EndProject
Project("{FAE04EC0-301F-11D3-BF4B-00C04F79EFBC}") = "Payment.Functions", "services\payment\src\Payment.Functions\Payment.Functions.csproj", "{A060042A-0F0A-4F05-9A2B-B7C2FE410402}"
EndProject
Project("{FAE04EC0-301F-11D3-BF4B-00C04F79EFBC}") = "Payment.GeneralUse", "services\payment\src\Payment.GeneralUse\Payment.GeneralUse.csproj", "{16AE959F-4DC3-41EA-9EA6-7F94C40BB2BD}"
EndProject
Project("{FAE04EC0-301F-11D3-BF4B-00C04F79EFBC}") = "Payment.UseCases", "services\payment\src\Payment.UseCases\Payment.UseCases.csproj", "{C826A5C2-4F81-4454-A914-35C1F4FED9F8}"
EndProject
Project("{FAE04EC0-301F-11D3-BF4B-00C04F79EFBC}") = "Payment.Http", "services\payment\src\Payment.Http\Payment.Http.csproj", "{0FF09A76-4319-465E-93AE-BF53C608E3CE}"
EndProject
Project("{FAE04EC0-301F-11D3-BF4B-00C04F79EFBC}") = "Payment.Database", "services\payment\src\Payment.Database\Payment.Database.csproj", "{2F973656-3307-4D0F-A26D-4104080627E2}"
EndProject
Global
	GlobalSection(SolutionConfigurationPlatforms) = preSolution
		Debug|Any CPU = Debug|Any CPU
		Release|Any CPU = Release|Any CPU
	EndGlobalSection
	GlobalSection(NestedProjects) = preSolution
		{696734C7-8B4E-4884-AC1F-9AAD8965B08D} = {1ABA45AD-BABD-406E-9D5B-E021A094FB63}
		{DC336BBA-7570-4B49-80CD-3EDF55B7AD6C} = {1ABA45AD-BABD-406E-9D5B-E021A094FB63}
		{DD46270E-14E7-49D0-9D6B-F49105418633} = {1ABA45AD-BABD-406E-9D5B-E021A094FB63}
		{C6350982-617C-42EF-861A-C2FDF2A0C52D} = {1ABA45AD-BABD-406E-9D5B-E021A094FB63}
		{5B4EF734-CFF2-4383-BB3B-E9D885597548} = {1ABA45AD-BABD-406E-9D5B-E021A094FB63}
		{A060042A-0F0A-4F05-9A2B-B7C2FE410402} = {5B4EF734-CFF2-4383-BB3B-E9D885597548}
		{16AE959F-4DC3-41EA-9EA6-7F94C40BB2BD} = {DD46270E-14E7-49D0-9D6B-F49105418633}
		{C826A5C2-4F81-4454-A914-35C1F4FED9F8} = {DD46270E-14E7-49D0-9D6B-F49105418633}
		{0FF09A76-4319-465E-93AE-BF53C608E3CE} = {DC336BBA-7570-4B49-80CD-3EDF55B7AD6C}
		{2F973656-3307-4D0F-A26D-4104080627E2} = {DC336BBA-7570-4B49-80CD-3EDF55B7AD6C}
	EndGlobalSection
	GlobalSection(ProjectConfigurationPlatforms) = postSolution
		{696734C7-8B4E-4884-AC1F-9AAD8965B08D}.Debug|Any CPU.ActiveCfg = Debug|Any CPU
		{696734C7-8B4E-4884-AC1F-9AAD8965B08D}.Debug|Any CPU.Build.0 = Debug|Any CPU
		{696734C7-8B4E-4884-AC1F-9AAD8965B08D}.Release|Any CPU.ActiveCfg = Release|Any CPU
		{696734C7-8B4E-4884-AC1F-9AAD8965B08D}.Release|Any CPU.Build.0 = Release|Any CPU
		{A060042A-0F0A-4F05-9A2B-B7C2FE410402}.Debug|Any CPU.ActiveCfg = Debug|Any CPU
		{A060042A-0F0A-4F05-9A2B-B7C2FE410402}.Debug|Any CPU.Build.0 = Debug|Any CPU
		{A060042A-0F0A-4F05-9A2B-B7C2FE410402}.Release|Any CPU.ActiveCfg = Release|Any CPU
		{A060042A-0F0A-4F05-9A2B-B7C2FE410402}.Release|Any CPU.Build.0 = Release|Any CPU
		{16AE959F-4DC3-41EA-9EA6-7F94C40BB2BD}.Debug|Any CPU.ActiveCfg = Debug|Any CPU
		{16AE959F-4DC3-41EA-9EA6-7F94C40BB2BD}.Debug|Any CPU.Build.0 = Debug|Any CPU
		{16AE959F-4DC3-41EA-9EA6-7F94C40BB2BD}.Release|Any CPU.ActiveCfg = Release|Any CPU
		{16AE959F-4DC3-41EA-9EA6-7F94C40BB2BD}.Release|Any CPU.Build.0 = Release|Any CPU
		{C826A5C2-4F81-4454-A914-35C1F4FED9F8}.Debug|Any CPU.ActiveCfg = Debug|Any CPU
		{C826A5C2-4F81-4454-A914-35C1F4FED9F8}.Debug|Any CPU.Build.0 = Debug|Any CPU
		{C826A5C2-4F81-4454-A914-35C1F4FED9F8}.Release|Any CPU.ActiveCfg = Release|Any CPU
		{C826A5C2-4F81-4454-A914-35C1F4FED9F8}.Release|Any CPU.Build.0 = Release|Any CPU
		{0FF09A76-4319-465E-93AE-BF53C608E3CE}.Debug|Any CPU.ActiveCfg = Debug|Any CPU
		{0FF09A76-4319-465E-93AE-BF53C608E3CE}.Debug|Any CPU.Build.0 = Debug|Any CPU
		{0FF09A76-4319-465E-93AE-BF53C608E3CE}.Release|Any CPU.ActiveCfg = Release|Any CPU
		{0FF09A76-4319-465E-93AE-BF53C608E3CE}.Release|Any CPU.Build.0 = Release|Any CPU
		{2F973656-3307-4D0F-A26D-4104080627E2}.Debug|Any CPU.ActiveCfg = Debug|Any CPU
		{2F973656-3307-4D0F-A26D-4104080627E2}.Debug|Any CPU.Build.0 = Debug|Any CPU
		{2F973656-3307-4D0F-A26D-4104080627E2}.Release|Any CPU.ActiveCfg = Release|Any CPU
		{2F973656-3307-4D0F-A26D-4104080627E2}.Release|Any CPU.Build.0 = Release|Any CPU
	EndGlobalSection
EndGlobal
